{
  "name": "quid-pro-quo",
  "version": "0.0.3",
  "lockfileVersion": 3,
  "requires": true,
  "packages": {
    "": {
      "name": "quid-pro-quo",
      "version": "0.0.3",
      "license": "MIT",
      "workspaces": [
        "quidproquo-core",
        "quidproquo-tsconfig",
        "quidproquo-webserver"
      ]
    },
    "node_modules/quidproquo-core": {
      "resolved": "quidproquo-core",
      "link": true
    },
    "node_modules/quidproquo-tsconfig": {
      "resolved": "quidproquo-tsconfig",
      "link": true
    },
    "node_modules/quidproquo-webserver": {
      "resolved": "quidproquo-webserver",
      "link": true
    },
    "node_modules/typescript": {
      "version": "4.9.3",
      "resolved": "https://registry.npmjs.org/typescript/-/typescript-4.9.3.tgz",
      "integrity": "sha512-CIfGzTelbKNEnLpLdGFgdyKhG23CKdKgQPOBc+OUNrkJ2vr+KSzsSV5kq5iWhEQbok+quxgGzrAtGWCyU7tHnA==",
      "dev": true,
      "bin": {
        "tsc": "bin/tsc",
        "tsserver": "bin/tsserver"
      },
      "engines": {
        "node": ">=4.2.0"
      }
    },
    "quidproquo-core": {
      "version": "0.0.8",
      "license": "MIT",
      "devDependencies": {
        "quidproquo-tsconfig": "*",
        "typescript": "^4.9.3"
      }
    },
    "quidproquo-tsconfig": {
      "version": "0.0.8",
      "license": "MIT",
      "devDependencies": {
        "typescript": "^4.9.3"
      }
    },
    "quidproquo-webserver": {
      "version": "0.0.8",
      "license": "MIT",
      "devDependencies": {
        "quidproquo-tsconfig": "*",
        "typescript": "^4.9.3"
      }
    }
  }
}
