{
  "name": "quidproquo-root",
  "version": "0.0.2",
  "lockfileVersion": 3,
  "requires": true,
  "packages": {
    "": {
      "name": "quidproquo-root",
      "version": "0.0.2",
      "license": "MIT",
      "workspaces": [
        "quidproquo-core",
        "quidproquo-tsconfig"
      ]
    },
    "node_modules/quidproquo-core": {
      "resolved": "quidproquo-core",
      "link": true
    },
    "node_modules/quidproquo-tsconfig": {
      "resolved": "quidproquo-tsconfig",
      "link": true
    },
    "node_modules/typescript": {
      "version": "4.9.3",
      "resolved": "https://registry.npmjs.org/typescript/-/typescript-4.9.3.tgz",
      "integrity": "sha512-CIfGzTelbKNEnLpLdGFgdyKhG23CKdKgQPOBc+OUNrkJ2vr+KSzsSV5kq5iWhEQbok+quxgGzrAtGWCyU7tHnA==",
      "dev": true,
      "bin": {
        "tsc": "bin/tsc",
        "tsserver": "bin/tsserver"
      },
      "engines": {
        "node": ">=4.2.0"
      }
    },
    "quidproquo-awscdk": {
      "version": "0.0.1",
      "extraneous": true,
      "license": "MIT",
      "dependencies": {
        "quidproquo-core": "^0.0.1"
      },
      "devDependencies": {
        "typescript": "^4.9.3"
      }
    },
    "quidproquo-core": {
      "version": "0.0.3",
      "license": "MIT",
      "devDependencies": {
        "quidproquo-tsconfig": "^0.0.1",
        "typescript": "^4.9.3"
      }
    },
    "quidproquo-core/node_modules/quidproquo-tsconfig": {
      "version": "0.0.1",
      "resolved": "https://registry.npmjs.org/quidproquo-tsconfig/-/quidproquo-tsconfig-0.0.1.tgz",
      "integrity": "sha512-N6x/uS1s7KKaipz577ApuozoJII+ksEwhfLCNXSQ2P1YOuSix+ffwY7yqklMhbASD5ogm90UMZwx8sLc98mPnQ==",
      "dev": true
    },
    "quidproquo-tsconfig": {
      "version": "0.0.3",
      "license": "MIT",
      "devDependencies": {
        "typescript": "^4.9.3"
      }
    }
  }
}
