{
  "name": "quid-pro-quo",
  "version": "0.0.3",
  "lockfileVersion": 3,
  "requires": true,
  "packages": {
    "": {
      "name": "quid-pro-quo",
      "version": "0.0.3",
      "license": "MIT",
      "workspaces": [
        "quidproquo-core",
        "quidproquo-tsconfig",
        "quidproquo-webserver",
        "quidproquo-actionprocessor-awslambda",
        "quidproquo-actionprocessor-node"
      ]
    },
    "node_modules/@types/uuid": {
      "version": "9.0.0",
      "resolved": "https://registry.npmjs.org/@types/uuid/-/uuid-9.0.0.tgz",
      "integrity": "sha512-kr90f+ERiQtKWMz5rP32ltJ/BtULDI5RVO0uavn1HQUOwjx0R1h0rnDYNL0CepF1zL5bSY6FISAfd9tOdDhU5Q==",
      "dev": true
    },
    "node_modules/quidproquo-actionprocessor-awslambda": {
      "resolved": "quidproquo-actionprocessor-awslambda",
      "link": true
    },
    "node_modules/quidproquo-actionprocessor-node": {
      "resolved": "quidproquo-actionprocessor-node",
      "link": true
    },
    "node_modules/quidproquo-core": {
      "resolved": "quidproquo-core",
      "link": true
    },
    "node_modules/quidproquo-tsconfig": {
      "resolved": "quidproquo-tsconfig",
      "link": true
    },
    "node_modules/quidproquo-webserver": {
      "resolved": "quidproquo-webserver",
      "link": true
    },
    "node_modules/typescript": {
      "version": "4.9.3",
      "resolved": "https://registry.npmjs.org/typescript/-/typescript-4.9.3.tgz",
      "integrity": "sha512-CIfGzTelbKNEnLpLdGFgdyKhG23CKdKgQPOBc+OUNrkJ2vr+KSzsSV5kq5iWhEQbok+quxgGzrAtGWCyU7tHnA==",
      "dev": true,
      "bin": {
        "tsc": "bin/tsc",
        "tsserver": "bin/tsserver"
      },
      "engines": {
        "node": ">=4.2.0"
      }
    },
    "node_modules/uuid": {
      "version": "9.0.0",
      "resolved": "https://registry.npmjs.org/uuid/-/uuid-9.0.0.tgz",
      "integrity": "sha512-MXcSTerfPa4uqyzStbRoTgt5XIe3x5+42+q1sDuy3R5MDk66URdLMOZe5aPX/SQd+kuYAh0FdP/pO28IkQyTeg==",
      "bin": {
        "uuid": "dist/bin/uuid"
      }
    },
    "quidproquo-actionprocessor-awslambda": {
      "version": "0.0.11",
      "license": "MIT",
      "dependencies": {
        "quidproquo-core": "*",
        "uuid": "^9.0.0"
      },
      "devDependencies": {
        "@types/uuid": "^9.0.0",
        "quidproquo-tsconfig": "*",
        "typescript": "^4.9.3"
      }
    },
    "quidproquo-actionprocessor-node": {
      "version": "0.0.11",
      "license": "MIT",
      "dependencies": {
        "quidproquo-core": "*",
        "uuid": "^9.0.0"
      },
      "devDependencies": {
        "@types/uuid": "^9.0.0",
        "quidproquo-tsconfig": "*",
        "typescript": "^4.9.3"
      }
    },
    "quidproquo-core": {
      "version": "0.0.11",
      "license": "MIT",
      "devDependencies": {
        "quidproquo-tsconfig": "*",
        "typescript": "^4.9.3"
      }
    },
    "quidproquo-tsconfig": {
      "version": "0.0.11",
      "license": "MIT",
      "devDependencies": {
        "typescript": "^4.9.3"
      }
    },
    "quidproquo-webserver": {
      "version": "0.0.11",
      "license": "MIT",
      "devDependencies": {
        "quidproquo-tsconfig": "*",
        "typescript": "^4.9.3"
      }
    }
  }
}
